
Microsoft Visual Studio Solution File, Format Version 12.00
# Visual Studio 15
VisualStudioVersion = 15.0.28307.421
MinimumVisualStudioVersion = 10.0.40219.1
Project("{FAE04EC0-301F-11D3-BF4B-00C04F79EFBC}") = "Login", "Login\Login.csproj", "{CA38DDA9-766A-4C3C-A455-66700E77115A}"
EndProject
Project("{FAE04EC0-301F-11D3-BF4B-00C04F79EFBC}") = "Сalculator", "Сalculator\Сalculator.csproj", "{F0CB6E57-B1DB-42CC-AFAA-27CFEE7ADA7A}"
EndProject
Project("{FAE04EC0-301F-11D3-BF4B-00C04F79EFBC}") = "ListBox", "ListBox\ListBox.csproj", "{2C91821A-044C-48EC-B04C-C6BABE87BCF0}"
EndProject
Project("{FAE04EC0-301F-11D3-BF4B-00C04F79EFBC}") = "PKM", "PKM\PKM.csproj", "{34A7F100-4014-4834-BF3F-530931363301}"
EndProject
Project("{FAE04EC0-301F-11D3-BF4B-00C04F79EFBC}") = "WindowsForms(TextBox+Label)", "WindowsForms(TextBox+Label)\WindowsForms(TextBox+Label).csproj", "{4ED4A06B-A017-4C15-B9F9-E1CE82A78216}"
EndProject
Project("{FAE04EC0-301F-11D3-BF4B-00C04F79EFBC}") = "Nuget", "Nuget\Nuget.csproj", "{C377174A-CE88-4760-84FB-438527F96A2B}"
EndProject
Project("{FAE04EC0-301F-11D3-BF4B-00C04F79EFBC}") = "YandexTranslate", "YandexTranslate\YandexTranslate.csproj", "{3053C200-BEE3-4537-BBB0-0D3C0ACAACE1}"
EndProject
Project("{FAE04EC0-301F-11D3-BF4B-00C04F79EFBC}") = "TestFunction", "TestFunction\TestFunction.csproj", "{53C54FB8-1B6B-4851-B011-8D3EAAFD5525}"
EndProject
Project("{FAE04EC0-301F-11D3-BF4B-00C04F79EFBC}") = "HackApp", "HackApp\HackApp.csproj", "{F3721D0C-7D8E-46C0-AB95-077916773163}"
EndProject
Project("{FAE04EC0-301F-11D3-BF4B-00C04F79EFBC}") = "SecondsConting", "SecondsConting\SecondsConting.csproj", "{1A944517-7F03-441D-A3BC-888CEC5BA1A5}"
EndProject
Project("{FAE04EC0-301F-11D3-BF4B-00C04F79EFBC}") = "Clock", "Clock\Clock.csproj", "{6EAE8357-F8DD-43A8-8119-682434B91C39}"
EndProject
Project("{FAE04EC0-301F-11D3-BF4B-00C04F79EFBC}") = "WFormsInWhile", "WFormsInWhile\WFormsInWhile.csproj", "{C5FBA51F-BDE4-4B7E-ACEA-FFA673E02F86}"
EndProject
Project("{FAE04EC0-301F-11D3-BF4B-00C04F79EFBC}") = "AutoHello", "AutoHello\AutoHello.csproj", "{E3023473-F8AC-4B49-8879-1075535E5252}"
EndProject
Project("{FAE04EC0-301F-11D3-BF4B-00C04F79EFBC}") = "WeatherApp", "WeatherApp\WeatherApp.csproj", "{82D0E8EB-5CD7-4B24-A607-DF32F1E15DFC}"
EndProject
Global
	GlobalSection(SolutionConfigurationPlatforms) = preSolution
		Debug|Any CPU = Debug|Any CPU
		Debug|x86 = Debug|x86
		Release|Any CPU = Release|Any CPU
		Release|x86 = Release|x86
	EndGlobalSection
	GlobalSection(ProjectConfigurationPlatforms) = postSolution
		{CA38DDA9-766A-4C3C-A455-66700E77115A}.Debug|Any CPU.ActiveCfg = Debug|Any CPU
		{CA38DDA9-766A-4C3C-A455-66700E77115A}.Debug|Any CPU.Build.0 = Debug|Any CPU
		{CA38DDA9-766A-4C3C-A455-66700E77115A}.Debug|x86.ActiveCfg = Debug|x86
		{CA38DDA9-766A-4C3C-A455-66700E77115A}.Debug|x86.Build.0 = Debug|x86
		{CA38DDA9-766A-4C3C-A455-66700E77115A}.Release|Any CPU.ActiveCfg = Release|Any CPU
		{CA38DDA9-766A-4C3C-A455-66700E77115A}.Release|Any CPU.Build.0 = Release|Any CPU
		{CA38DDA9-766A-4C3C-A455-66700E77115A}.Release|x86.ActiveCfg = Release|x86
		{CA38DDA9-766A-4C3C-A455-66700E77115A}.Release|x86.Build.0 = Release|x86
		{F0CB6E57-B1DB-42CC-AFAA-27CFEE7ADA7A}.Debug|Any CPU.ActiveCfg = Debug|Any CPU
		{F0CB6E57-B1DB-42CC-AFAA-27CFEE7ADA7A}.Debug|Any CPU.Build.0 = Debug|Any CPU
		{F0CB6E57-B1DB-42CC-AFAA-27CFEE7ADA7A}.Debug|x86.ActiveCfg = Debug|x86
		{F0CB6E57-B1DB-42CC-AFAA-27CFEE7ADA7A}.Debug|x86.Build.0 = Debug|x86
		{F0CB6E57-B1DB-42CC-AFAA-27CFEE7ADA7A}.Release|Any CPU.ActiveCfg = Release|Any CPU
		{F0CB6E57-B1DB-42CC-AFAA-27CFEE7ADA7A}.Release|Any CPU.Build.0 = Release|Any CPU
		{F0CB6E57-B1DB-42CC-AFAA-27CFEE7ADA7A}.Release|x86.ActiveCfg = Release|x86
		{F0CB6E57-B1DB-42CC-AFAA-27CFEE7ADA7A}.Release|x86.Build.0 = Release|x86
		{2C91821A-044C-48EC-B04C-C6BABE87BCF0}.Debug|Any CPU.ActiveCfg = Debug|Any CPU
		{2C91821A-044C-48EC-B04C-C6BABE87BCF0}.Debug|Any CPU.Build.0 = Debug|Any CPU
		{2C91821A-044C-48EC-B04C-C6BABE87BCF0}.Debug|x86.ActiveCfg = Debug|x86
		{2C91821A-044C-48EC-B04C-C6BABE87BCF0}.Debug|x86.Build.0 = Debug|x86
		{2C91821A-044C-48EC-B04C-C6BABE87BCF0}.Release|Any CPU.ActiveCfg = Release|Any CPU
		{2C91821A-044C-48EC-B04C-C6BABE87BCF0}.Release|Any CPU.Build.0 = Release|Any CPU
		{2C91821A-044C-48EC-B04C-C6BABE87BCF0}.Release|x86.ActiveCfg = Release|x86
		{2C91821A-044C-48EC-B04C-C6BABE87BCF0}.Release|x86.Build.0 = Release|x86
		{34A7F100-4014-4834-BF3F-530931363301}.Debug|Any CPU.ActiveCfg = Debug|Any CPU
		{34A7F100-4014-4834-BF3F-530931363301}.Debug|Any CPU.Build.0 = Debug|Any CPU
		{34A7F100-4014-4834-BF3F-530931363301}.Debug|x86.ActiveCfg = Debug|x86
		{34A7F100-4014-4834-BF3F-530931363301}.Debug|x86.Build.0 = Debug|x86
		{34A7F100-4014-4834-BF3F-530931363301}.Release|Any CPU.ActiveCfg = Release|Any CPU
		{34A7F100-4014-4834-BF3F-530931363301}.Release|Any CPU.Build.0 = Release|Any CPU
		{34A7F100-4014-4834-BF3F-530931363301}.Release|x86.ActiveCfg = Release|x86
		{34A7F100-4014-4834-BF3F-530931363301}.Release|x86.Build.0 = Release|x86
		{4ED4A06B-A017-4C15-B9F9-E1CE82A78216}.Debug|Any CPU.ActiveCfg = Debug|Any CPU
		{4ED4A06B-A017-4C15-B9F9-E1CE82A78216}.Debug|Any CPU.Build.0 = Debug|Any CPU
		{4ED4A06B-A017-4C15-B9F9-E1CE82A78216}.Debug|x86.ActiveCfg = Debug|x86
		{4ED4A06B-A017-4C15-B9F9-E1CE82A78216}.Debug|x86.Build.0 = Debug|x86
		{4ED4A06B-A017-4C15-B9F9-E1CE82A78216}.Release|Any CPU.ActiveCfg = Release|Any CPU
		{4ED4A06B-A017-4C15-B9F9-E1CE82A78216}.Release|Any CPU.Build.0 = Release|Any CPU
		{4ED4A06B-A017-4C15-B9F9-E1CE82A78216}.Release|x86.ActiveCfg = Release|x86
		{4ED4A06B-A017-4C15-B9F9-E1CE82A78216}.Release|x86.Build.0 = Release|x86
		{C377174A-CE88-4760-84FB-438527F96A2B}.Debug|Any CPU.ActiveCfg = Debug|Any CPU
		{C377174A-CE88-4760-84FB-438527F96A2B}.Debug|Any CPU.Build.0 = Debug|Any CPU
		{C377174A-CE88-4760-84FB-438527F96A2B}.Debug|x86.ActiveCfg = Debug|x86
		{C377174A-CE88-4760-84FB-438527F96A2B}.Debug|x86.Build.0 = Debug|x86
		{C377174A-CE88-4760-84FB-438527F96A2B}.Release|Any CPU.ActiveCfg = Release|Any CPU
		{C377174A-CE88-4760-84FB-438527F96A2B}.Release|Any CPU.Build.0 = Release|Any CPU
		{C377174A-CE88-4760-84FB-438527F96A2B}.Release|x86.ActiveCfg = Release|x86
		{C377174A-CE88-4760-84FB-438527F96A2B}.Release|x86.Build.0 = Release|x86
		{3053C200-BEE3-4537-BBB0-0D3C0ACAACE1}.Debug|Any CPU.ActiveCfg = Debug|Any CPU
		{3053C200-BEE3-4537-BBB0-0D3C0ACAACE1}.Debug|Any CPU.Build.0 = Debug|Any CPU
		{3053C200-BEE3-4537-BBB0-0D3C0ACAACE1}.Debug|x86.ActiveCfg = Debug|x86
		{3053C200-BEE3-4537-BBB0-0D3C0ACAACE1}.Debug|x86.Build.0 = Debug|x86
		{3053C200-BEE3-4537-BBB0-0D3C0ACAACE1}.Release|Any CPU.ActiveCfg = Release|Any CPU
		{3053C200-BEE3-4537-BBB0-0D3C0ACAACE1}.Release|Any CPU.Build.0 = Release|Any CPU
		{3053C200-BEE3-4537-BBB0-0D3C0ACAACE1}.Release|x86.ActiveCfg = Release|x86
		{3053C200-BEE3-4537-BBB0-0D3C0ACAACE1}.Release|x86.Build.0 = Release|x86
		{53C54FB8-1B6B-4851-B011-8D3EAAFD5525}.Debug|Any CPU.ActiveCfg = Debug|Any CPU
		{53C54FB8-1B6B-4851-B011-8D3EAAFD5525}.Debug|Any CPU.Build.0 = Debug|Any CPU
		{53C54FB8-1B6B-4851-B011-8D3EAAFD5525}.Debug|x86.ActiveCfg = Debug|x86
		{53C54FB8-1B6B-4851-B011-8D3EAAFD5525}.Debug|x86.Build.0 = Debug|x86
		{53C54FB8-1B6B-4851-B011-8D3EAAFD5525}.Release|Any CPU.ActiveCfg = Release|Any CPU
		{53C54FB8-1B6B-4851-B011-8D3EAAFD5525}.Release|Any CPU.Build.0 = Release|Any CPU
		{53C54FB8-1B6B-4851-B011-8D3EAAFD5525}.Release|x86.ActiveCfg = Release|x86
		{53C54FB8-1B6B-4851-B011-8D3EAAFD5525}.Release|x86.Build.0 = Release|x86
		{F3721D0C-7D8E-46C0-AB95-077916773163}.Debug|Any CPU.ActiveCfg = Debug|Any CPU
		{F3721D0C-7D8E-46C0-AB95-077916773163}.Debug|Any CPU.Build.0 = Debug|Any CPU
		{F3721D0C-7D8E-46C0-AB95-077916773163}.Debug|x86.ActiveCfg = Debug|x86
		{F3721D0C-7D8E-46C0-AB95-077916773163}.Debug|x86.Build.0 = Debug|x86
		{F3721D0C-7D8E-46C0-AB95-077916773163}.Release|Any CPU.ActiveCfg = Release|Any CPU
		{F3721D0C-7D8E-46C0-AB95-077916773163}.Release|Any CPU.Build.0 = Release|Any CPU
		{F3721D0C-7D8E-46C0-AB95-077916773163}.Release|x86.ActiveCfg = Release|x86
		{F3721D0C-7D8E-46C0-AB95-077916773163}.Release|x86.Build.0 = Release|x86
		{1A944517-7F03-441D-A3BC-888CEC5BA1A5}.Debug|Any CPU.ActiveCfg = Debug|Any CPU
		{1A944517-7F03-441D-A3BC-888CEC5BA1A5}.Debug|Any CPU.Build.0 = Debug|Any CPU
		{1A944517-7F03-441D-A3BC-888CEC5BA1A5}.Debug|x86.ActiveCfg = Debug|Any CPU
		{1A944517-7F03-441D-A3BC-888CEC5BA1A5}.Debug|x86.Build.0 = Debug|Any CPU
		{1A944517-7F03-441D-A3BC-888CEC5BA1A5}.Release|Any CPU.ActiveCfg = Release|Any CPU
		{1A944517-7F03-441D-A3BC-888CEC5BA1A5}.Release|Any CPU.Build.0 = Release|Any CPU
		{1A944517-7F03-441D-A3BC-888CEC5BA1A5}.Release|x86.ActiveCfg = Release|Any CPU
		{1A944517-7F03-441D-A3BC-888CEC5BA1A5}.Release|x86.Build.0 = Release|Any CPU
		{6EAE8357-F8DD-43A8-8119-682434B91C39}.Debug|Any CPU.ActiveCfg = Debug|Any CPU
		{6EAE8357-F8DD-43A8-8119-682434B91C39}.Debug|Any CPU.Build.0 = Debug|Any CPU
		{6EAE8357-F8DD-43A8-8119-682434B91C39}.Debug|x86.ActiveCfg = Debug|Any CPU
		{6EAE8357-F8DD-43A8-8119-682434B91C39}.Debug|x86.Build.0 = Debug|Any CPU
		{6EAE8357-F8DD-43A8-8119-682434B91C39}.Release|Any CPU.ActiveCfg = Release|Any CPU
		{6EAE8357-F8DD-43A8-8119-682434B91C39}.Release|Any CPU.Build.0 = Release|Any CPU
		{6EAE8357-F8DD-43A8-8119-682434B91C39}.Release|x86.ActiveCfg = Release|Any CPU
		{6EAE8357-F8DD-43A8-8119-682434B91C39}.Release|x86.Build.0 = Release|Any CPU
		{C5FBA51F-BDE4-4B7E-ACEA-FFA673E02F86}.Debug|Any CPU.ActiveCfg = Debug|Any CPU
		{C5FBA51F-BDE4-4B7E-ACEA-FFA673E02F86}.Debug|Any CPU.Build.0 = Debug|Any CPU
		{C5FBA51F-BDE4-4B7E-ACEA-FFA673E02F86}.Debug|x86.ActiveCfg = Debug|Any CPU
		{C5FBA51F-BDE4-4B7E-ACEA-FFA673E02F86}.Debug|x86.Build.0 = Debug|Any CPU
		{C5FBA51F-BDE4-4B7E-ACEA-FFA673E02F86}.Release|Any CPU.ActiveCfg = Release|Any CPU
		{C5FBA51F-BDE4-4B7E-ACEA-FFA673E02F86}.Release|Any CPU.Build.0 = Release|Any CPU
		{C5FBA51F-BDE4-4B7E-ACEA-FFA673E02F86}.Release|x86.ActiveCfg = Release|Any CPU
		{C5FBA51F-BDE4-4B7E-ACEA-FFA673E02F86}.Release|x86.Build.0 = Release|Any CPU
		{E3023473-F8AC-4B49-8879-1075535E5252}.Debug|Any CPU.ActiveCfg = Debug|Any CPU
		{E3023473-F8AC-4B49-8879-1075535E5252}.Debug|Any CPU.Build.0 = Debug|Any CPU
		{E3023473-F8AC-4B49-8879-1075535E5252}.Debug|x86.ActiveCfg = Debug|Any CPU
		{E3023473-F8AC-4B49-8879-1075535E5252}.Debug|x86.Build.0 = Debug|Any CPU
		{E3023473-F8AC-4B49-8879-1075535E5252}.Release|Any CPU.ActiveCfg = Release|Any CPU
		{E3023473-F8AC-4B49-8879-1075535E5252}.Release|Any CPU.Build.0 = Release|Any CPU
		{E3023473-F8AC-4B49-8879-1075535E5252}.Release|x86.ActiveCfg = Release|Any CPU
		{E3023473-F8AC-4B49-8879-1075535E5252}.Release|x86.Build.0 = Release|Any CPU
		{82D0E8EB-5CD7-4B24-A607-DF32F1E15DFC}.Debug|Any CPU.ActiveCfg = Debug|Any CPU
		{82D0E8EB-5CD7-4B24-A607-DF32F1E15DFC}.Debug|Any CPU.Build.0 = Debug|Any CPU
		{82D0E8EB-5CD7-4B24-A607-DF32F1E15DFC}.Debug|x86.ActiveCfg = Debug|Any CPU
		{82D0E8EB-5CD7-4B24-A607-DF32F1E15DFC}.Debug|x86.Build.0 = Debug|Any CPU
		{82D0E8EB-5CD7-4B24-A607-DF32F1E15DFC}.Release|Any CPU.ActiveCfg = Release|Any CPU
		{82D0E8EB-5CD7-4B24-A607-DF32F1E15DFC}.Release|Any CPU.Build.0 = Release|Any CPU
		{82D0E8EB-5CD7-4B24-A607-DF32F1E15DFC}.Release|x86.ActiveCfg = Release|Any CPU
		{82D0E8EB-5CD7-4B24-A607-DF32F1E15DFC}.Release|x86.Build.0 = Release|Any CPU
	EndGlobalSection
	GlobalSection(SolutionProperties) = preSolution
		HideSolutionNode = FALSE
	EndGlobalSection
	GlobalSection(ExtensibilityGlobals) = postSolution
		SolutionGuid = {9A15E6A9-D130-42E2-9E9B-5A5A3ECB5A42}
	EndGlobalSection
EndGlobal
