
Microsoft Visual Studio Solution File, Format Version 12.00
# Visual Studio 15
VisualStudioVersion = 15.0.28307.421
MinimumVisualStudioVersion = 10.0.40219.1
Project("{FAE04EC0-301F-11D3-BF4B-00C04F79EFBC}") = "Login", "Login\Login.csproj", "{CA38DDA9-766A-4C3C-A455-66700E77115A}"
EndProject
Project("{FAE04EC0-301F-11D3-BF4B-00C04F79EFBC}") = "Сalculator", "Сalculator\Сalculator.csproj", "{F0CB6E57-B1DB-42CC-AFAA-27CFEE7ADA7A}"
EndProject
Project("{FAE04EC0-301F-11D3-BF4B-00C04F79EFBC}") = "ListBox", "ListBox\ListBox.csproj", "{2C91821A-044C-48EC-B04C-C6BABE87BCF0}"
EndProject
Global
	GlobalSection(SolutionConfigurationPlatforms) = preSolution
		Debug|Any CPU = Debug|Any CPU
		Release|Any CPU = Release|Any CPU
	EndGlobalSection
	GlobalSection(ProjectConfigurationPlatforms) = postSolution
		{CA38DDA9-766A-4C3C-A455-66700E77115A}.Debug|Any CPU.ActiveCfg = Debug|Any CPU
		{CA38DDA9-766A-4C3C-A455-66700E77115A}.Debug|Any CPU.Build.0 = Debug|Any CPU
		{CA38DDA9-766A-4C3C-A455-66700E77115A}.Release|Any CPU.ActiveCfg = Release|Any CPU
		{CA38DDA9-766A-4C3C-A455-66700E77115A}.Release|Any CPU.Build.0 = Release|Any CPU
		{F0CB6E57-B1DB-42CC-AFAA-27CFEE7ADA7A}.Debug|Any CPU.ActiveCfg = Debug|Any CPU
		{F0CB6E57-B1DB-42CC-AFAA-27CFEE7ADA7A}.Debug|Any CPU.Build.0 = Debug|Any CPU
		{F0CB6E57-B1DB-42CC-AFAA-27CFEE7ADA7A}.Release|Any CPU.ActiveCfg = Release|Any CPU
		{F0CB6E57-B1DB-42CC-AFAA-27CFEE7ADA7A}.Release|Any CPU.Build.0 = Release|Any CPU
		{2C91821A-044C-48EC-B04C-C6BABE87BCF0}.Debug|Any CPU.ActiveCfg = Debug|Any CPU
		{2C91821A-044C-48EC-B04C-C6BABE87BCF0}.Debug|Any CPU.Build.0 = Debug|Any CPU
		{2C91821A-044C-48EC-B04C-C6BABE87BCF0}.Release|Any CPU.ActiveCfg = Release|Any CPU
		{2C91821A-044C-48EC-B04C-C6BABE87BCF0}.Release|Any CPU.Build.0 = Release|Any CPU
	EndGlobalSection
	GlobalSection(SolutionProperties) = preSolution
		HideSolutionNode = FALSE
	EndGlobalSection
	GlobalSection(ExtensibilityGlobals) = postSolution
		SolutionGuid = {9A15E6A9-D130-42E2-9E9B-5A5A3ECB5A42}
	EndGlobalSection
EndGlobal
